
Microsoft Visual Studio Solution File, Format Version 12.00
# Visual Studio Version 17
VisualStudioVersion = 17.5.33627.172
MinimumVisualStudioVersion = 10.0.40219.1
Project("{FAE04EC0-301F-11D3-BF4B-00C04F79EFBC}") = "Task2", "Task2\Task2.csproj", "{EFF0A8BF-8A7E-474B-A8B6-8A3A9F9038A4}"
EndProject
Global
	GlobalSection(SolutionConfigurationPlatforms) = preSolution
		Debug|Any CPU = Debug|Any CPU
		Release|Any CPU = Release|Any CPU
	EndGlobalSection
	GlobalSection(ProjectConfigurationPlatforms) = postSolution
		{EFF0A8BF-8A7E-474B-A8B6-8A3A9F9038A4}.Debug|Any CPU.ActiveCfg = Debug|Any CPU
		{EFF0A8BF-8A7E-474B-A8B6-8A3A9F9038A4}.Debug|Any CPU.Build.0 = Debug|Any CPU
		{EFF0A8BF-8A7E-474B-A8B6-8A3A9F9038A4}.Release|Any CPU.ActiveCfg = Release|Any CPU
		{EFF0A8BF-8A7E-474B-A8B6-8A3A9F9038A4}.Release|Any CPU.Build.0 = Release|Any CPU
	EndGlobalSection
	GlobalSection(SolutionProperties) = preSolution
		HideSolutionNode = FALSE
	EndGlobalSection
	GlobalSection(ExtensibilityGlobals) = postSolution
		SolutionGuid = {A69710D1-005E-4388-8CC4-87B1DF7ADCCF}
	EndGlobalSection
EndGlobal
